
Microsoft Visual Studio Solution File, Format Version 12.00
# Visual Studio 15
VisualStudioVersion = 15.0.28307.421
MinimumVisualStudioVersion = 10.0.40219.1
Project("{FAE04EC0-301F-11D3-BF4B-00C04F79EFBC}") = "Selection_2", "Selection_2\Selection_2.csproj", "{4FE86551-4B9B-45BF-84B6-2732CC3A0AC2}"
EndProject
Project("{FAE04EC0-301F-11D3-BF4B-00C04F79EFBC}") = "Selection_3", "Selection_3\Selection_3.csproj", "{7DE9CFDB-6F69-4F37-A504-77CFC641531B}"
EndProject
Global
	GlobalSection(SolutionConfigurationPlatforms) = preSolution
		Debug|Any CPU = Debug|Any CPU
		Release|Any CPU = Release|Any CPU
	EndGlobalSection
	GlobalSection(ProjectConfigurationPlatforms) = postSolution
		{4FE86551-4B9B-45BF-84B6-2732CC3A0AC2}.Debug|Any CPU.ActiveCfg = Debug|Any CPU
		{4FE86551-4B9B-45BF-84B6-2732CC3A0AC2}.Debug|Any CPU.Build.0 = Debug|Any CPU
		{4FE86551-4B9B-45BF-84B6-2732CC3A0AC2}.Release|Any CPU.ActiveCfg = Release|Any CPU
		{4FE86551-4B9B-45BF-84B6-2732CC3A0AC2}.Release|Any CPU.Build.0 = Release|Any CPU
		{7DE9CFDB-6F69-4F37-A504-77CFC641531B}.Debug|Any CPU.ActiveCfg = Debug|Any CPU
		{7DE9CFDB-6F69-4F37-A504-77CFC641531B}.Debug|Any CPU.Build.0 = Debug|Any CPU
		{7DE9CFDB-6F69-4F37-A504-77CFC641531B}.Release|Any CPU.ActiveCfg = Release|Any CPU
		{7DE9CFDB-6F69-4F37-A504-77CFC641531B}.Release|Any CPU.Build.0 = Release|Any CPU
	EndGlobalSection
	GlobalSection(SolutionProperties) = preSolution
		HideSolutionNode = FALSE
	EndGlobalSection
	GlobalSection(ExtensibilityGlobals) = postSolution
		SolutionGuid = {2951AD4C-3C46-4705-B600-CC9A72B02CF0}
	EndGlobalSection
EndGlobal
